// !$*UTF8*$!
{
	archiveVersion = 1;
	classes = {
	};
	objectVersion = 56;
	objects = {

/* Begin PBXBuildFile section */
		468501592C822F15006C5181 /* FilmViewController.swift in Sources */ = {isa = PBXBuildFile; fileRef = 468501582C822F15006C5181 /* FilmViewController.swift */; };
		4685015B2C822F75006C5181 /* FilmDetayViewController.swift in Sources */ = {isa = PBXBuildFile; fileRef = 4685015A2C822F75006C5181 /* FilmDetayViewController.swift */; };
		4685015D2C8233C7006C5181 /* Kategoriler.swift in Sources */ = {isa = PBXBuildFile; fileRef = 4685015C2C8233C7006C5181 /* Kategoriler.swift */; };
		4685015F2C8235FB006C5181 /* Yonetmenler.swift in Sources */ = {isa = PBXBuildFile; fileRef = 4685015E2C8235FB006C5181 /* Yonetmenler.swift */; };
		468501612C8236A1006C5181 /* Filmler.swift in Sources */ = {isa = PBXBuildFile; fileRef = 468501602C8236A1006C5181 /* Filmler.swift */; };
		46DFFCD62C81A95000EB500D /* AppDelegate.swift in Sources */ = {isa = PBXBuildFile; fileRef = 46DFFCD52C81A95000EB500D /* AppDelegate.swift */; };
		46DFFCD82C81A95000EB500D /* SceneDelegate.swift in Sources */ = {isa = PBXBuildFile; fileRef = 46DFFCD72C81A95000EB500D /* SceneDelegate.swift */; };
		46DFFCDA2C81A95000EB500D /* ViewController.swift in Sources */ = {isa = PBXBuildFile; fileRef = 46DFFCD92C81A95000EB500D /* ViewController.swift */; };
		46DFFCDD2C81A95000EB500D /* Base in Resources */ = {isa = PBXBuildFile; fileRef = 46DFFCDC2C81A95000EB500D /* Base */; };
		46DFFCDF2C81A95A00EB500D /* Assets.xcassets in Resources */ = {isa = PBXBuildFile; fileRef = 46DFFCDE2C81A95A00EB500D /* Assets.xcassets */; };
		46DFFCE22C81A95A00EB500D /* Base in Resources */ = {isa = PBXBuildFile; fileRef = 46DFFCE12C81A95A00EB500D /* Base */; };
		46DFFCED2C81A95A00EB500D /* FilmlerUygulamasiTests.swift in Sources */ = {isa = PBXBuildFile; fileRef = 46DFFCEC2C81A95A00EB500D /* FilmlerUygulamasiTests.swift */; };
		46DFFCF72C81A95A00EB500D /* FilmlerUygulamasiUITests.swift in Sources */ = {isa = PBXBuildFile; fileRef = 46DFFCF62C81A95A00EB500D /* FilmlerUygulamasiUITests.swift */; };
		46DFFCF92C81A95B00EB500D /* FilmlerUygulamasiUITestsLaunchTests.swift in Sources */ = {isa = PBXBuildFile; fileRef = 46DFFCF82C81A95B00EB500D /* FilmlerUygulamasiUITestsLaunchTests.swift */; };
		46DFFD062C81AFFE00EB500D /* KategoriHucreTableViewCell.swift in Sources */ = {isa = PBXBuildFile; fileRef = 46DFFD052C81AFFE00EB500D /* KategoriHucreTableViewCell.swift */; };
		46DFFD082C81B91C00EB500D /* FilmHucreCollectionViewCell.swift in Sources */ = {isa = PBXBuildFile; fileRef = 46DFFD072C81B91C00EB500D /* FilmHucreCollectionViewCell.swift */; };
/* End PBXBuildFile section */

/* Begin PBXContainerItemProxy section */
		46DFFCE92C81A95A00EB500D /* PBXContainerItemProxy */ = {
			isa = PBXContainerItemProxy;
			containerPortal = 46DFFCCA2C81A95000EB500D /* Project object */;
			proxyType = 1;
			remoteGlobalIDString = 46DFFCD12C81A95000EB500D;
			remoteInfo = FilmlerUygulamasi;
		};
		46DFFCF32C81A95A00EB500D /* PBXContainerItemProxy */ = {
			isa = PBXContainerItemProxy;
			containerPortal = 46DFFCCA2C81A95000EB500D /* Project object */;
			proxyType = 1;
			remoteGlobalIDString = 46DFFCD12C81A95000EB500D;
			remoteInfo = FilmlerUygulamasi;
		};
/* End PBXContainerItemProxy section */

/* Begin PBXFileReference section */
		468501582C822F15006C5181 /* FilmViewController.swift */ = {isa = PBXFileReference; lastKnownFileType = sourcecode.swift; path = FilmViewController.swift; sourceTree = "<group>"; };
		4685015A2C822F75006C5181 /* FilmDetayViewController.swift */ = {isa = PBXFileReference; lastKnownFileType = sourcecode.swift; path = FilmDetayViewController.swift; sourceTree = "<group>"; };
		4685015C2C8233C7006C5181 /* Kategoriler.swift */ = {isa = PBXFileReference; lastKnownFileType = sourcecode.swift; path = Kategoriler.swift; sourceTree = "<group>"; };
		4685015E2C8235FB006C5181 /* Yonetmenler.swift */ = {isa = PBXFileReference; lastKnownFileType = sourcecode.swift; path = Yonetmenler.swift; sourceTree = "<group>"; };
		468501602C8236A1006C5181 /* Filmler.swift */ = {isa = PBXFileReference; lastKnownFileType = sourcecode.swift; path = Filmler.swift; sourceTree = "<group>"; };
		46DFFCD22C81A95000EB500D /* FilmlerUygulamasi.app */ = {isa = PBXFileReference; explicitFileType = wrapper.application; includeInIndex = 0; path = FilmlerUygulamasi.app; sourceTree = BUILT_PRODUCTS_DIR; };
		46DFFCD52C81A95000EB500D /* AppDelegate.swift */ = {isa = PBXFileReference; lastKnownFileType = sourcecode.swift; path = AppDelegate.swift; sourceTree = "<group>"; };
		46DFFCD72C81A95000EB500D /* SceneDelegate.swift */ = {isa = PBXFileReference; lastKnownFileType = sourcecode.swift; path = SceneDelegate.swift; sourceTree = "<group>"; };
		46DFFCD92C81A95000EB500D /* ViewController.swift */ = {isa = PBXFileReference; lastKnownFileType = sourcecode.swift; path = ViewController.swift; sourceTree = "<group>"; };
		46DFFCDC2C81A95000EB500D /* Base */ = {isa = PBXFileReference; lastKnownFileType = file.storyboard; name = Base; path = Base.lproj/Main.storyboard; sourceTree = "<group>"; };
		46DFFCDE2C81A95A00EB500D /* Assets.xcassets */ = {isa = PBXFileReference; lastKnownFileType = folder.assetcatalog; path = Assets.xcassets; sourceTree = "<group>"; };
		46DFFCE12C81A95A00EB500D /* Base */ = {isa = PBXFileReference; lastKnownFileType = file.storyboard; name = Base; path = Base.lproj/LaunchScreen.storyboard; sourceTree = "<group>"; };
		46DFFCE32C81A95A00EB500D /* Info.plist */ = {isa = PBXFileReference; lastKnownFileType = text.plist.xml; path = Info.plist; sourceTree = "<group>"; };
		46DFFCE82C81A95A00EB500D /* FilmlerUygulamasiTests.xctest */ = {isa = PBXFileReference; explicitFileType = wrapper.cfbundle; includeInIndex = 0; path = FilmlerUygulamasiTests.xctest; sourceTree = BUILT_PRODUCTS_DIR; };
		46DFFCEC2C81A95A00EB500D /* FilmlerUygulamasiTests.swift */ = {isa = PBXFileReference; lastKnownFileType = sourcecode.swift; path = FilmlerUygulamasiTests.swift; sourceTree = "<group>"; };
		46DFFCF22C81A95A00EB500D /* FilmlerUygulamasiUITests.xctest */ = {isa = PBXFileReference; explicitFileType = wrapper.cfbundle; includeInIndex = 0; path = FilmlerUygulamasiUITests.xctest; sourceTree = BUILT_PRODUCTS_DIR; };
		46DFFCF62C81A95A00EB500D /* FilmlerUygulamasiUITests.swift */ = {isa = PBXFileReference; lastKnownFileType = sourcecode.swift; path = FilmlerUygulamasiUITests.swift; sourceTree = "<group>"; };
		46DFFCF82C81A95B00EB500D /* FilmlerUygulamasiUITestsLaunchTests.swift */ = {isa = PBXFileReference; lastKnownFileType = sourcecode.swift; path = FilmlerUygulamasiUITestsLaunchTests.swift; sourceTree = "<group>"; };
		46DFFD052C81AFFE00EB500D /* KategoriHucreTableViewCell.swift */ = {isa = PBXFileReference; lastKnownFileType = sourcecode.swift; path = KategoriHucreTableViewCell.swift; sourceTree = "<group>"; };
		46DFFD072C81B91C00EB500D /* FilmHucreCollectionViewCell.swift */ = {isa = PBXFileReference; lastKnownFileType = sourcecode.swift; path = FilmHucreCollectionViewCell.swift; sourceTree = "<group>"; };
/* End PBXFileReference section */

/* Begin PBXFrameworksBuildPhase section */
		46DFFCCF2C81A95000EB500D /* Frameworks */ = {
			isa = PBXFrameworksBuildPhase;
			buildActionMask = 2147483647;
			files = (
			);
			runOnlyForDeploymentPostprocessing = 0;
		};
		46DFFCE52C81A95A00EB500D /* Frameworks */ = {
			isa = PBXFrameworksBuildPhase;
			buildActionMask = 2147483647;
			files = (
			);
			runOnlyForDeploymentPostprocessing = 0;
		};
		46DFFCEF2C81A95A00EB500D /* Frameworks */ = {
			isa = PBXFrameworksBuildPhase;
			buildActionMask = 2147483647;
			files = (
			);
			runOnlyForDeploymentPostprocessing = 0;
		};
/* End PBXFrameworksBuildPhase section */

/* Begin PBXGroup section */
		46DFFCC92C81A95000EB500D = {
			isa = PBXGroup;
			children = (
				46DFFCD42C81A95000EB500D /* FilmlerUygulamasi */,
				46DFFCEB2C81A95A00EB500D /* FilmlerUygulamasiTests */,
				46DFFCF52C81A95A00EB500D /* FilmlerUygulamasiUITests */,
				46DFFCD32C81A95000EB500D /* Products */,
			);
			sourceTree = "<group>";
		};
		46DFFCD32C81A95000EB500D /* Products */ = {
			isa = PBXGroup;
			children = (
				46DFFCD22C81A95000EB500D /* FilmlerUygulamasi.app */,
				46DFFCE82C81A95A00EB500D /* FilmlerUygulamasiTests.xctest */,
				46DFFCF22C81A95A00EB500D /* FilmlerUygulamasiUITests.xctest */,
			);
			name = Products;
			sourceTree = "<group>";
		};
		46DFFCD42C81A95000EB500D /* FilmlerUygulamasi */ = {
			isa = PBXGroup;
			children = (
				46DFFCD52C81A95000EB500D /* AppDelegate.swift */,
				46DFFCD72C81A95000EB500D /* SceneDelegate.swift */,
				46DFFCD92C81A95000EB500D /* ViewController.swift */,
				46DFFCDB2C81A95000EB500D /* Main.storyboard */,
				46DFFCDE2C81A95A00EB500D /* Assets.xcassets */,
				46DFFCE02C81A95A00EB500D /* LaunchScreen.storyboard */,
				46DFFCE32C81A95A00EB500D /* Info.plist */,
				46DFFD052C81AFFE00EB500D /* KategoriHucreTableViewCell.swift */,
				46DFFD072C81B91C00EB500D /* FilmHucreCollectionViewCell.swift */,
				468501582C822F15006C5181 /* FilmViewController.swift */,
				4685015A2C822F75006C5181 /* FilmDetayViewController.swift */,
				4685015C2C8233C7006C5181 /* Kategoriler.swift */,
				4685015E2C8235FB006C5181 /* Yonetmenler.swift */,
				468501602C8236A1006C5181 /* Filmler.swift */,
			);
			path = FilmlerUygulamasi;
			sourceTree = "<group>";
		};
		46DFFCEB2C81A95A00EB500D /* FilmlerUygulamasiTests */ = {
			isa = PBXGroup;
			children = (
				46DFFCEC2C81A95A00EB500D /* FilmlerUygulamasiTests.swift */,
			);
			path = FilmlerUygulamasiTests;
			sourceTree = "<group>";
		};
		46DFFCF52C81A95A00EB500D /* FilmlerUygulamasiUITests */ = {
			isa = PBXGroup;
			children = (
				46DFFCF62C81A95A00EB500D /* FilmlerUygulamasiUITests.swift */,
				46DFFCF82C81A95B00EB500D /* FilmlerUygulamasiUITestsLaunchTests.swift */,
			);
			path = FilmlerUygulamasiUITests;
			sourceTree = "<group>";
		};
/* End PBXGroup section */

/* Begin PBXNativeTarget section */
		46DFFCD12C81A95000EB500D /* FilmlerUygulamasi */ = {
			isa = PBXNativeTarget;
			buildConfigurationList = 46DFFCFC2C81A95B00EB500D /* Build configuration list for PBXNativeTarget "FilmlerUygulamasi" */;
			buildPhases = (
				46DFFCCE2C81A95000EB500D /* Sources */,
				46DFFCCF2C81A95000EB500D /* Frameworks */,
				46DFFCD02C81A95000EB500D /* Resources */,
			);
			buildRules = (
			);
			dependencies = (
			);
			name = FilmlerUygulamasi;
			productName = FilmlerUygulamasi;
			productReference = 46DFFCD22C81A95000EB500D /* FilmlerUygulamasi.app */;
			productType = "com.apple.product-type.application";
		};
		46DFFCE72C81A95A00EB500D /* FilmlerUygulamasiTests */ = {
			isa = PBXNativeTarget;
			buildConfigurationList = 46DFFCFF2C81A95B00EB500D /* Build configuration list for PBXNativeTarget "FilmlerUygulamasiTests" */;
			buildPhases = (
				46DFFCE42C81A95A00EB500D /* Sources */,
				46DFFCE52C81A95A00EB500D /* Frameworks */,
				46DFFCE62C81A95A00EB500D /* Resources */,
			);
			buildRules = (
			);
			dependencies = (
				46DFFCEA2C81A95A00EB500D /* PBXTargetDependency */,
			);
			name = FilmlerUygulamasiTests;
			productName = FilmlerUygulamasiTests;
			productReference = 46DFFCE82C81A95A00EB500D /* FilmlerUygulamasiTests.xctest */;
			productType = "com.apple.product-type.bundle.unit-test";
		};
		46DFFCF12C81A95A00EB500D /* FilmlerUygulamasiUITests */ = {
			isa = PBXNativeTarget;
			buildConfigurationList = 46DFFD022C81A95B00EB500D /* Build configuration list for PBXNativeTarget "FilmlerUygulamasiUITests" */;
			buildPhases = (
				46DFFCEE2C81A95A00EB500D /* Sources */,
				46DFFCEF2C81A95A00EB500D /* Frameworks */,
				46DFFCF02C81A95A00EB500D /* Resources */,
			);
			buildRules = (
			);
			dependencies = (
				46DFFCF42C81A95A00EB500D /* PBXTargetDependency */,
			);
			name = FilmlerUygulamasiUITests;
			productName = FilmlerUygulamasiUITests;
			productReference = 46DFFCF22C81A95A00EB500D /* FilmlerUygulamasiUITests.xctest */;
			productType = "com.apple.product-type.bundle.ui-testing";
		};
/* End PBXNativeTarget section */

/* Begin PBXProject section */
		46DFFCCA2C81A95000EB500D /* Project object */ = {
			isa = PBXProject;
			attributes = {
				BuildIndependentTargetsInParallel = 1;
				LastSwiftUpdateCheck = 1540;
				LastUpgradeCheck = 1540;
				TargetAttributes = {
					46DFFCD12C81A95000EB500D = {
						CreatedOnToolsVersion = 15.4;
					};
					46DFFCE72C81A95A00EB500D = {
						CreatedOnToolsVersion = 15.4;
						TestTargetID = 46DFFCD12C81A95000EB500D;
					};
					46DFFCF12C81A95A00EB500D = {
						CreatedOnToolsVersion = 15.4;
						TestTargetID = 46DFFCD12C81A95000EB500D;
					};
				};
			};
			buildConfigurationList = 46DFFCCD2C81A95000EB500D /* Build configuration list for PBXProject "FilmlerUygulamasi" */;
			compatibilityVersion = "Xcode 14.0";
			developmentRegion = en;
			hasScannedForEncodings = 0;
			knownRegions = (
				en,
				Base,
			);
			mainGroup = 46DFFCC92C81A95000EB500D;
			productRefGroup = 46DFFCD32C81A95000EB500D /* Products */;
			projectDirPath = "";
			projectRoot = "";
			targets = (
				46DFFCD12C81A95000EB500D /* FilmlerUygulamasi */,
				46DFFCE72C81A95A00EB500D /* FilmlerUygulamasiTests */,
				46DFFCF12C81A95A00EB500D /* FilmlerUygulamasiUITests */,
			);
		};
/* End PBXProject section */

/* Begin PBXResourcesBuildPhase section */
		46DFFCD02C81A95000EB500D /* Resources */ = {
			isa = PBXResourcesBuildPhase;
			buildActionMask = 2147483647;
			files = (
				46DFFCDF2C81A95A00EB500D /* Assets.xcassets in Resources */,
				46DFFCE22C81A95A00EB500D /* Base in Resources */,
				46DFFCDD2C81A95000EB500D /* Base in Resources */,
			);
			runOnlyForDeploymentPostprocessing = 0;
		};
		46DFFCE62C81A95A00EB500D /* Resources */ = {
			isa = PBXResourcesBuildPhase;
			buildActionMask = 2147483647;
			files = (
			);
			runOnlyForDeploymentPostprocessing = 0;
		};
		46DFFCF02C81A95A00EB500D /* Resources */ = {
			isa = PBXResourcesBuildPhase;
			buildActionMask = 2147483647;
			files = (
			);
			runOnlyForDeploymentPostprocessing = 0;
		};
/* End PBXResourcesBuildPhase section */

/* Begin PBXSourcesBuildPhase section */
		46DFFCCE2C81A95000EB500D /* Sources */ = {
			isa = PBXSourcesBuildPhase;
			buildActionMask = 2147483647;
			files = (
				4685015F2C8235FB006C5181 /* Yonetmenler.swift in Sources */,
				46DFFCDA2C81A95000EB500D /* ViewController.swift in Sources */,
				46DFFD082C81B91C00EB500D /* FilmHucreCollectionViewCell.swift in Sources */,
				468501612C8236A1006C5181 /* Filmler.swift in Sources */,
				46DFFCD62C81A95000EB500D /* AppDelegate.swift in Sources */,
				4685015B2C822F75006C5181 /* FilmDetayViewController.swift in Sources */,
				46DFFD062C81AFFE00EB500D /* KategoriHucreTableViewCell.swift in Sources */,
				4685015D2C8233C7006C5181 /* Kategoriler.swift in Sources */,
				468501592C822F15006C5181 /* FilmViewController.swift in Sources */,
				46DFFCD82C81A95000EB500D /* SceneDelegate.swift in Sources */,
			);
			runOnlyForDeploymentPostprocessing = 0;
		};
		46DFFCE42C81A95A00EB500D /* Sources */ = {
			isa = PBXSourcesBuildPhase;
			buildActionMask = 2147483647;
			files = (
				46DFFCED2C81A95A00EB500D /* FilmlerUygulamasiTests.swift in Sources */,
			);
			runOnlyForDeploymentPostprocessing = 0;
		};
		46DFFCEE2C81A95A00EB500D /* Sources */ = {
			isa = PBXSourcesBuildPhase;
			buildActionMask = 2147483647;
			files = (
				46DFFCF72C81A95A00EB500D /* FilmlerUygulamasiUITests.swift in Sources */,
				46DFFCF92C81A95B00EB500D /* FilmlerUygulamasiUITestsLaunchTests.swift in Sources */,
			);
			runOnlyForDeploymentPostprocessing = 0;
		};
/* End PBXSourcesBuildPhase section */

/* Begin PBXTargetDependency section */
		46DFFCEA2C81A95A00EB500D /* PBXTargetDependency */ = {
			isa = PBXTargetDependency;
			target = 46DFFCD12C81A95000EB500D /* FilmlerUygulamasi */;
			targetProxy = 46DFFCE92C81A95A00EB500D /* PBXContainerItemProxy */;
		};
		46DFFCF42C81A95A00EB500D /* PBXTargetDependency */ = {
			isa = PBXTargetDependency;
			target = 46DFFCD12C81A95000EB500D /* FilmlerUygulamasi */;
			targetProxy = 46DFFCF32C81A95A00EB500D /* PBXContainerItemProxy */;
		};
/* End PBXTargetDependency section */

/* Begin PBXVariantGroup section */
		46DFFCDB2C81A95000EB500D /* Main.storyboard */ = {
			isa = PBXVariantGroup;
			children = (
				46DFFCDC2C81A95000EB500D /* Base */,
			);
			name = Main.storyboard;
			sourceTree = "<group>";
		};
		46DFFCE02C81A95A00EB500D /* LaunchScreen.storyboard */ = {
			isa = PBXVariantGroup;
			children = (
				46DFFCE12C81A95A00EB500D /* Base */,
			);
			name = LaunchScreen.storyboard;
			sourceTree = "<group>";
		};
/* End PBXVariantGroup section */

/* Begin XCBuildConfiguration section */
		46DFFCFA2C81A95B00EB500D /* Debug */ = {
			isa = XCBuildConfiguration;
			buildSettings = {
				ALWAYS_SEARCH_USER_PATHS = NO;
				ASSETCATALOG_COMPILER_GENERATE_SWIFT_ASSET_SYMBOL_EXTENSIONS = YES;
				CLANG_ANALYZER_NONNULL = YES;
				CLANG_ANALYZER_NUMBER_OBJECT_CONVERSION = YES_AGGRESSIVE;
				CLANG_CXX_LANGUAGE_STANDARD = "gnu++20";
				CLANG_ENABLE_MODULES = YES;
				CLANG_ENABLE_OBJC_ARC = YES;
				CLANG_ENABLE_OBJC_WEAK = YES;
				CLANG_WARN_BLOCK_CAPTURE_AUTORELEASING = YES;
				CLANG_WARN_BOOL_CONVERSION = YES;
				CLANG_WARN_COMMA = YES;
				CLANG_WARN_CONSTANT_CONVERSION = YES;
				CLANG_WARN_DEPRECATED_OBJC_IMPLEMENTATIONS = YES;
				CLANG_WARN_DIRECT_OBJC_ISA_USAGE = YES_ERROR;
				CLANG_WARN_DOCUMENTATION_COMMENTS = YES;
				CLANG_WARN_EMPTY_BODY = YES;
				CLANG_WARN_ENUM_CONVERSION = YES;
				CLANG_WARN_INFINITE_RECURSION = YES;
				CLANG_WARN_INT_CONVERSION = YES;
				CLANG_WARN_NON_LITERAL_NULL_CONVERSION = YES;
				CLANG_WARN_OBJC_IMPLICIT_RETAIN_SELF = YES;
				CLANG_WARN_OBJC_LITERAL_CONVERSION = YES;
				CLANG_WARN_OBJC_ROOT_CLASS = YES_ERROR;
				CLANG_WARN_QUOTED_INCLUDE_IN_FRAMEWORK_HEADER = YES;
				CLANG_WARN_RANGE_LOOP_ANALYSIS = YES;
				CLANG_WARN_STRICT_PROTOTYPES = YES;
				CLANG_WARN_SUSPICIOUS_MOVE = YES;
				CLANG_WARN_UNGUARDED_AVAILABILITY = YES_AGGRESSIVE;
				CLANG_WARN_UNREACHABLE_CODE = YES;
				CLANG_WARN__DUPLICATE_METHOD_MATCH = YES;
				COPY_PHASE_STRIP = NO;
				DEBUG_INFORMATION_FORMAT = dwarf;
				ENABLE_STRICT_OBJC_MSGSEND = YES;
				ENABLE_TESTABILITY = YES;
				ENABLE_USER_SCRIPT_SANDBOXING = YES;
				GCC_C_LANGUAGE_STANDARD = gnu17;
				GCC_DYNAMIC_NO_PIC = NO;
				GCC_NO_COMMON_BLOCKS = YES;
				GCC_OPTIMIZATION_LEVEL = 0;
				GCC_PREPROCESSOR_DEFINITIONS = (
					"DEBUG=1",
					"$(inherited)",
				);
				GCC_WARN_64_TO_32_BIT_CONVERSION = YES;
				GCC_WARN_ABOUT_RETURN_TYPE = YES_ERROR;
				GCC_WARN_UNDECLARED_SELECTOR = YES;
				GCC_WARN_UNINITIALIZED_AUTOS = YES_AGGRESSIVE;
				GCC_WARN_UNUSED_FUNCTION = YES;
				GCC_WARN_UNUSED_VARIABLE = YES;
				IPHONEOS_DEPLOYMENT_TARGET = 17.5;
				LOCALIZATION_PREFERS_STRING_CATALOGS = YES;
				MTL_ENABLE_DEBUG_INFO = INCLUDE_SOURCE;
				MTL_FAST_MATH = YES;
				ONLY_ACTIVE_ARCH = YES;
				SDKROOT = iphoneos;
				SWIFT_ACTIVE_COMPILATION_CONDITIONS = "DEBUG $(inherited)";
				SWIFT_OPTIMIZATION_LEVEL = "-Onone";
			};
			name = Debug;
		};
		46DFFCFB2C81A95B00EB500D /* Release */ = {
			isa = XCBuildConfiguration;
			buildSettings = {
				ALWAYS_SEARCH_USER_PATHS = NO;
				ASSETCATALOG_COMPILER_GENERATE_SWIFT_ASSET_SYMBOL_EXTENSIONS = YES;
				CLANG_ANALYZER_NONNULL = YES;
				CLANG_ANALYZER_NUMBER_OBJECT_CONVERSION = YES_AGGRESSIVE;
				CLANG_CXX_LANGUAGE_STANDARD = "gnu++20";
				CLANG_ENABLE_MODULES = YES;
				CLANG_ENABLE_OBJC_ARC = YES;
				CLANG_ENABLE_OBJC_WEAK = YES;
				CLANG_WARN_BLOCK_CAPTURE_AUTORELEASING = YES;
				CLANG_WARN_BOOL_CONVERSION = YES;
				CLANG_WARN_COMMA = YES;
				CLANG_WARN_CONSTANT_CONVERSION = YES;
				CLANG_WARN_DEPRECATED_OBJC_IMPLEMENTATIONS = YES;
				CLANG_WARN_DIRECT_OBJC_ISA_USAGE = YES_ERROR;
				CLANG_WARN_DOCUMENTATION_COMMENTS = YES;
				CLANG_WARN_EMPTY_BODY = YES;
				CLANG_WARN_ENUM_CONVERSION = YES;
				CLANG_WARN_INFINITE_RECURSION = YES;
				CLANG_WARN_INT_CONVERSION = YES;
				CLANG_WARN_NON_LITERAL_NULL_CONVERSION = YES;
				CLANG_WARN_OBJC_IMPLICIT_RETAIN_SELF = YES;
				CLANG_WARN_OBJC_LITERAL_CONVERSION = YES;
				CLANG_WARN_OBJC_ROOT_CLASS = YES_ERROR;
				CLANG_WARN_QUOTED_INCLUDE_IN_FRAMEWORK_HEADER = YES;
				CLANG_WARN_RANGE_LOOP_ANALYSIS = YES;
				CLANG_WARN_STRICT_PROTOTYPES = YES;
				CLANG_WARN_SUSPICIOUS_MOVE = YES;
				CLANG_WARN_UNGUARDED_AVAILABILITY = YES_AGGRESSIVE;
				CLANG_WARN_UNREACHABLE_CODE = YES;
				CLANG_WARN__DUPLICATE_METHOD_MATCH = YES;
				COPY_PHASE_STRIP = NO;
				DEBUG_INFORMATION_FORMAT = "dwarf-with-dsym";
				ENABLE_NS_ASSERTIONS = NO;
				ENABLE_STRICT_OBJC_MSGSEND = YES;
				ENABLE_USER_SCRIPT_SANDBOXING = YES;
				GCC_C_LANGUAGE_STANDARD = gnu17;
				GCC_NO_COMMON_BLOCKS = YES;
				GCC_WARN_64_TO_32_BIT_CONVERSION = YES;
				GCC_WARN_ABOUT_RETURN_TYPE = YES_ERROR;
				GCC_WARN_UNDECLARED_SELECTOR = YES;
				GCC_WARN_UNINITIALIZED_AUTOS = YES_AGGRESSIVE;
				GCC_WARN_UNUSED_FUNCTION = YES;
				GCC_WARN_UNUSED_VARIABLE = YES;
				IPHONEOS_DEPLOYMENT_TARGET = 17.5;
				LOCALIZATION_PREFERS_STRING_CATALOGS = YES;
				MTL_ENABLE_DEBUG_INFO = NO;
				MTL_FAST_MATH = YES;
				SDKROOT = iphoneos;
				SWIFT_COMPILATION_MODE = wholemodule;
				VALIDATE_PRODUCT = YES;
			};
			name = Release;
		};
		46DFFCFD2C81A95B00EB500D /* Debug */ = {
			isa = XCBuildConfiguration;
			buildSettings = {
				ASSETCATALOG_COMPILER_APPICON_NAME = AppIcon;
				ASSETCATALOG_COMPILER_GLOBAL_ACCENT_COLOR_NAME = AccentColor;
				CODE_SIGN_STYLE = Automatic;
				CURRENT_PROJECT_VERSION = 1;
				DEVELOPMENT_TEAM = YGK434JNBS;
				GENERATE_INFOPLIST_FILE = YES;
				INFOPLIST_FILE = FilmlerUygulamasi/Info.plist;
				INFOPLIST_KEY_UIApplicationSupportsIndirectInputEvents = YES;
				INFOPLIST_KEY_UILaunchStoryboardName = LaunchScreen;
				INFOPLIST_KEY_UIMainStoryboardFile = Main;
				INFOPLIST_KEY_UISupportedInterfaceOrientations_iPad = "UIInterfaceOrientationPortrait UIInterfaceOrientationPortraitUpsideDown UIInterfaceOrientationLandscapeLeft UIInterfaceOrientationLandscapeRight";
				INFOPLIST_KEY_UISupportedInterfaceOrientations_iPhone = "UIInterfaceOrientationPortrait UIInterfaceOrientationLandscapeLeft UIInterfaceOrientationLandscapeRight";
				LD_RUNPATH_SEARCH_PATHS = (
					"$(inherited)",
					"@executable_path/Frameworks",
				);
				MARKETING_VERSION = 1.0;
				PRODUCT_BUNDLE_IDENTIFIER = test.FilmlerUygulamasi;
				PRODUCT_NAME = "$(TARGET_NAME)";
				SWIFT_EMIT_LOC_STRINGS = YES;
				SWIFT_VERSION = 5.0;
				TARGETED_DEVICE_FAMILY = "1,2";
			};
			name = Debug;
		};
		46DFFCFE2C81A95B00EB500D /* Release */ = {
			isa = XCBuildConfiguration;
			buildSettings = {
				ASSETCATALOG_COMPILER_APPICON_NAME = AppIcon;
				ASSETCATALOG_COMPILER_GLOBAL_ACCENT_COLOR_NAME = AccentColor;
				CODE_SIGN_STYLE = Automatic;
				CURRENT_PROJECT_VERSION = 1;
				DEVELOPMENT_TEAM = YGK434JNBS;
				GENERATE_INFOPLIST_FILE = YES;
				INFOPLIST_FILE = FilmlerUygulamasi/Info.plist;
				INFOPLIST_KEY_UIApplicationSupportsIndirectInputEvents = YES;
				INFOPLIST_KEY_UILaunchStoryboardName = LaunchScreen;
				INFOPLIST_KEY_UIMainStoryboardFile = Main;
				INFOPLIST_KEY_UISupportedInterfaceOrientations_iPad = "UIInterfaceOrientationPortrait UIInterfaceOrientationPortraitUpsideDown UIInterfaceOrientationLandscapeLeft UIInterfaceOrientationLandscapeRight";
				INFOPLIST_KEY_UISupportedInterfaceOrientations_iPhone = "UIInterfaceOrientationPortrait UIInterfaceOrientationLandscapeLeft UIInterfaceOrientationLandscapeRight";
				LD_RUNPATH_SEARCH_PATHS = (
					"$(inherited)",
					"@executable_path/Frameworks",
				);
				MARKETING_VERSION = 1.0;
				PRODUCT_BUNDLE_IDENTIFIER = test.FilmlerUygulamasi;
				PRODUCT_NAME = "$(TARGET_NAME)";
				SWIFT_EMIT_LOC_STRINGS = YES;
				SWIFT_VERSION = 5.0;
				TARGETED_DEVICE_FAMILY = "1,2";
			};
			name = Release;
		};
		46DFFD002C81A95B00EB500D /* Debug */ = {
			isa = XCBuildConfiguration;
			buildSettings = {
				ALWAYS_EMBED_SWIFT_STANDARD_LIBRARIES = YES;
				BUNDLE_LOADER = "$(TEST_HOST)";
				CODE_SIGN_STYLE = Automatic;
				CURRENT_PROJECT_VERSION = 1;
				DEVELOPMENT_TEAM = YGK434JNBS;
				GENERATE_INFOPLIST_FILE = YES;
				IPHONEOS_DEPLOYMENT_TARGET = 17.5;
				MARKETING_VERSION = 1.0;
				PRODUCT_BUNDLE_IDENTIFIER = test.FilmlerUygulamasiTests;
				PRODUCT_NAME = "$(TARGET_NAME)";
				SWIFT_EMIT_LOC_STRINGS = NO;
				SWIFT_VERSION = 5.0;
				TARGETED_DEVICE_FAMILY = "1,2";
				TEST_HOST = "$(BUILT_PRODUCTS_DIR)/FilmlerUygulamasi.app/$(BUNDLE_EXECUTABLE_FOLDER_PATH)/FilmlerUygulamasi";
			};
			name = Debug;
		};
		46DFFD012C81A95B00EB500D /* Release */ = {
			isa = XCBuildConfiguration;
			buildSettings = {
				ALWAYS_EMBED_SWIFT_STANDARD_LIBRARIES = YES;
				BUNDLE_LOADER = "$(TEST_HOST)";
				CODE_SIGN_STYLE = Automatic;
				CURRENT_PROJECT_VERSION = 1;
				DEVELOPMENT_TEAM = YGK434JNBS;
				GENERATE_INFOPLIST_FILE = YES;
				IPHONEOS_DEPLOYMENT_TARGET = 17.5;
				MARKETING_VERSION = 1.0;
				PRODUCT_BUNDLE_IDENTIFIER = test.FilmlerUygulamasiTests;
				PRODUCT_NAME = "$(TARGET_NAME)";
				SWIFT_EMIT_LOC_STRINGS = NO;
				SWIFT_VERSION = 5.0;
				TARGETED_DEVICE_FAMILY = "1,2";
				TEST_HOST = "$(BUILT_PRODUCTS_DIR)/FilmlerUygulamasi.app/$(BUNDLE_EXECUTABLE_FOLDER_PATH)/FilmlerUygulamasi";
			};
			name = Release;
		};
		46DFFD032C81A95B00EB500D /* Debug */ = {
			isa = XCBuildConfiguration;
			buildSettings = {
				ALWAYS_EMBED_SWIFT_STANDARD_LIBRARIES = YES;
				CODE_SIGN_STYLE = Automatic;
				CURRENT_PROJECT_VERSION = 1;
				DEVELOPMENT_TEAM = YGK434JNBS;
				GENERATE_INFOPLIST_FILE = YES;
				MARKETING_VERSION = 1.0;
				PRODUCT_BUNDLE_IDENTIFIER = test.FilmlerUygulamasiUITests;
				PRODUCT_NAME = "$(TARGET_NAME)";
				SWIFT_EMIT_LOC_STRINGS = NO;
				SWIFT_VERSION = 5.0;
				TARGETED_DEVICE_FAMILY = "1,2";
				TEST_TARGET_NAME = FilmlerUygulamasi;
			};
			name = Debug;
		};
		46DFFD042C81A95B00EB500D /* Release */ = {
			isa = XCBuildConfiguration;
			buildSettings = {
				ALWAYS_EMBED_SWIFT_STANDARD_LIBRARIES = YES;
				CODE_SIGN_STYLE = Automatic;
				CURRENT_PROJECT_VERSION = 1;
				DEVELOPMENT_TEAM = YGK434JNBS;
				GENERATE_INFOPLIST_FILE = YES;
				MARKETING_VERSION = 1.0;
				PRODUCT_BUNDLE_IDENTIFIER = test.FilmlerUygulamasiUITests;
				PRODUCT_NAME = "$(TARGET_NAME)";
				SWIFT_EMIT_LOC_STRINGS = NO;
				SWIFT_VERSION = 5.0;
				TARGETED_DEVICE_FAMILY = "1,2";
				TEST_TARGET_NAME = FilmlerUygulamasi;
			};
			name = Release;
		};
/* End XCBuildConfiguration section */

/* Begin XCConfigurationList section */
		46DFFCCD2C81A95000EB500D /* Build configuration list for PBXProject "FilmlerUygulamasi" */ = {
			isa = XCConfigurationList;
			buildConfigurations = (
				46DFFCFA2C81A95B00EB500D /* Debug */,
				46DFFCFB2C81A95B00EB500D /* Release */,
			);
			defaultConfigurationIsVisible = 0;
			defaultConfigurationName = Release;
		};
		46DFFCFC2C81A95B00EB500D /* Build configuration list for PBXNativeTarget "FilmlerUygulamasi" */ = {
			isa = XCConfigurationList;
			buildConfigurations = (
				46DFFCFD2C81A95B00EB500D /* Debug */,
				46DFFCFE2C81A95B00EB500D /* Release */,
			);
			defaultConfigurationIsVisible = 0;
			defaultConfigurationName = Release;
		};
		46DFFCFF2C81A95B00EB500D /* Build configuration list for PBXNativeTarget "FilmlerUygulamasiTests" */ = {
			isa = XCConfigurationList;
			buildConfigurations = (
				46DFFD002C81A95B00EB500D /* Debug */,
				46DFFD012C81A95B00EB500D /* Release */,
			);
			defaultConfigurationIsVisible = 0;
			defaultConfigurationName = Release;
		};
		46DFFD022C81A95B00EB500D /* Build configuration list for PBXNativeTarget "FilmlerUygulamasiUITests" */ = {
			isa = XCConfigurationList;
			buildConfigurations = (
				46DFFD032C81A95B00EB500D /* Debug */,
				46DFFD042C81A95B00EB500D /* Release */,
			);
			defaultConfigurationIsVisible = 0;
			defaultConfigurationName = Release;
		};
/* End XCConfigurationList section */
	};
	rootObject = 46DFFCCA2C81A95000EB500D /* Project object */;
}
